{
  "nodes": {
    "nixpkgs": {
      "locked": {
        "lastModified": 1735291276,
        "narHash": "sha256-NYVcA06+blsLG6wpAbSPTCyLvxD/92Hy4vlY9WxFI1M=",
        "owner": "nixos",
        "repo": "nixpkgs",
        "rev": "634fd46801442d760e09493a794c4f15db2d0cbb",
        "type": "github"
      },
      "original": {
        "owner": "nixos",
        "ref": "nixos-unstable",
        "repo": "nixpkgs",
        "type": "github"
      }
    },
    "root": {
      "inputs": {
        "nixpkgs": "nixpkgs",
        "rust-overlay": "rust-overlay"
      }
    },
    "rust-overlay": {
      "inputs": {
        "nixpkgs": [
          "nixpkgs"
        ]
      },
      "locked": {
        "lastModified": 1754189623,
        "narHash": "sha256-fstu5eb30UYwsxow0aQqkzxNxGn80UZjyehQVNVHuBk=",
        "owner": "oxalica",
        "repo": "rust-overlay",
        "rev": "c582ff7f0d8a7ea689ae836dfb1773f1814f472a",
        "type": "github"
      },
      "original": {
        "owner": "oxalica",
        "repo": "rust-overlay",
        "type": "github"
      }
    }
  },
  "root": "root",
  "version": 7
}
